
Microsoft Visual Studio Solution File, Format Version 12.00
# Visual Studio 15
VisualStudioVersion = 15.0.28010.2003
MinimumVisualStudioVersion = 10.0.40219.1
Project("{9A19103F-16F7-4668-BE54-9A1E7A4F7556}") = "BookShelf", "BookShelf\BookShelf.csproj", "{50E3F85E-865C-4BA1-8620-3F6163F60A74}"
EndProject
Project("{FAE04EC0-301F-11D3-BF4B-00C04F79EFBC}") = "LibraryTests", "LibraryTests\LibraryTests.csproj", "{A3E208A6-CE75-489F-B86E-CDDD5F3461F9}"
EndProject
Project("{FAE04EC0-301F-11D3-BF4B-00C04F79EFBC}") = "BookShelfBL", "BookShelfBL\BookShelfBL.csproj", "{729433B2-94FD-4AFF-8D80-53AFB59A7C7D}"
EndProject
Global
	GlobalSection(SolutionConfigurationPlatforms) = preSolution
		Debug|Any CPU = Debug|Any CPU
		Release|Any CPU = Release|Any CPU
	EndGlobalSection
	GlobalSection(ProjectConfigurationPlatforms) = postSolution
		{50E3F85E-865C-4BA1-8620-3F6163F60A74}.Debug|Any CPU.ActiveCfg = Debug|Any CPU
		{50E3F85E-865C-4BA1-8620-3F6163F60A74}.Debug|Any CPU.Build.0 = Debug|Any CPU
		{50E3F85E-865C-4BA1-8620-3F6163F60A74}.Release|Any CPU.ActiveCfg = Release|Any CPU
		{50E3F85E-865C-4BA1-8620-3F6163F60A74}.Release|Any CPU.Build.0 = Release|Any CPU
		{A3E208A6-CE75-489F-B86E-CDDD5F3461F9}.Debug|Any CPU.ActiveCfg = Debug|Any CPU
		{A3E208A6-CE75-489F-B86E-CDDD5F3461F9}.Debug|Any CPU.Build.0 = Debug|Any CPU
		{A3E208A6-CE75-489F-B86E-CDDD5F3461F9}.Release|Any CPU.ActiveCfg = Release|Any CPU
		{A3E208A6-CE75-489F-B86E-CDDD5F3461F9}.Release|Any CPU.Build.0 = Release|Any CPU
		{729433B2-94FD-4AFF-8D80-53AFB59A7C7D}.Debug|Any CPU.ActiveCfg = Debug|Any CPU
		{729433B2-94FD-4AFF-8D80-53AFB59A7C7D}.Debug|Any CPU.Build.0 = Debug|Any CPU
		{729433B2-94FD-4AFF-8D80-53AFB59A7C7D}.Release|Any CPU.ActiveCfg = Release|Any CPU
		{729433B2-94FD-4AFF-8D80-53AFB59A7C7D}.Release|Any CPU.Build.0 = Release|Any CPU
	EndGlobalSection
	GlobalSection(SolutionProperties) = preSolution
		HideSolutionNode = FALSE
	EndGlobalSection
	GlobalSection(ExtensibilityGlobals) = postSolution
		SolutionGuid = {D51F9F04-9F95-4741-BA29-5F42FF0D46E1}
	EndGlobalSection
EndGlobal
